
Microsoft Visual Studio Solution File, Format Version 12.00
# Visual Studio Version 17
VisualStudioVersion = 17.1.32407.343
MinimumVisualStudioVersion = 10.0.40219.1
Project("{2150E333-8FDC-42A3-9474-1A3956D46DE8}") = "Solution Items", "Solution Items", "{BE25FD27-0A38-46BE-9F7E-79CE4C16060A}"
	ProjectSection(SolutionItems) = preProject
		.gitignore = .gitignore
		.hgignore = .hgignore
		LICENSE = LICENSE
		README.md = README.md
	EndProjectSection
EndProject
Project("{2150E333-8FDC-42A3-9474-1A3956D46DE8}") = "Apps", "Apps", "{7B948D9D-E6E0-4FB5-9FB0-889E47C01EEB}"
EndProject
Project("{2150E333-8FDC-42A3-9474-1A3956D46DE8}") = "Libraries", "Libraries", "{AFCBCD3D-64C3-433D-A01F-5F1191CC29C9}"
EndProject
Project("{9A19103F-16F7-4668-BE54-9A1E7A4F7556}") = "LcGitLib", "LcGitLib\LcGitLib.csproj", "{77A0BADF-D89C-4265-8A87-8F05B8542496}"
EndProject
Project("{6EC3EE1D-3C4E-46DD-8F32-0CC8E7565705}") = "LcGitUtil", "LcGitUtil\LcGitUtil.fsproj", "{73D64D7F-C18B-4617-B675-606A13E603F2}"
EndProject
Project("{9A19103F-16F7-4668-BE54-9A1E7A4F7556}") = "HyperGitLib", "HyperGitLib\HyperGitLib.csproj", "{BD854FD1-66E1-4A01-9A84-C56906847D77}"
EndProject
Project("{6EC3EE1D-3C4E-46DD-8F32-0CC8E7565705}") = "HyperGit", "HyperGit\HyperGit.fsproj", "{3EEEB413-03EF-40B9-AFA6-7127980CD202}"
EndProject
Project("{F2A71F9B-5D33-465A-A702-920D77279786}") = "gitarc", "gitarc\gitarc.fsproj", "{351DC3C1-097F-4265-B746-CC292AFD1655}"
EndProject
Global
	GlobalSection(SolutionConfigurationPlatforms) = preSolution
		Debug|Any CPU = Debug|Any CPU
		Release|Any CPU = Release|Any CPU
	EndGlobalSection
	GlobalSection(ProjectConfigurationPlatforms) = postSolution
		{77A0BADF-D89C-4265-8A87-8F05B8542496}.Debug|Any CPU.ActiveCfg = Debug|Any CPU
		{77A0BADF-D89C-4265-8A87-8F05B8542496}.Debug|Any CPU.Build.0 = Debug|Any CPU
		{77A0BADF-D89C-4265-8A87-8F05B8542496}.Release|Any CPU.ActiveCfg = Release|Any CPU
		{77A0BADF-D89C-4265-8A87-8F05B8542496}.Release|Any CPU.Build.0 = Release|Any CPU
		{73D64D7F-C18B-4617-B675-606A13E603F2}.Debug|Any CPU.ActiveCfg = Debug|Any CPU
		{73D64D7F-C18B-4617-B675-606A13E603F2}.Debug|Any CPU.Build.0 = Debug|Any CPU
		{73D64D7F-C18B-4617-B675-606A13E603F2}.Release|Any CPU.ActiveCfg = Release|Any CPU
		{73D64D7F-C18B-4617-B675-606A13E603F2}.Release|Any CPU.Build.0 = Release|Any CPU
		{BD854FD1-66E1-4A01-9A84-C56906847D77}.Debug|Any CPU.ActiveCfg = Debug|Any CPU
		{BD854FD1-66E1-4A01-9A84-C56906847D77}.Debug|Any CPU.Build.0 = Debug|Any CPU
		{BD854FD1-66E1-4A01-9A84-C56906847D77}.Release|Any CPU.ActiveCfg = Release|Any CPU
		{BD854FD1-66E1-4A01-9A84-C56906847D77}.Release|Any CPU.Build.0 = Release|Any CPU
		{3EEEB413-03EF-40B9-AFA6-7127980CD202}.Debug|Any CPU.ActiveCfg = Debug|Any CPU
		{3EEEB413-03EF-40B9-AFA6-7127980CD202}.Debug|Any CPU.Build.0 = Debug|Any CPU
		{3EEEB413-03EF-40B9-AFA6-7127980CD202}.Release|Any CPU.ActiveCfg = Release|Any CPU
		{3EEEB413-03EF-40B9-AFA6-7127980CD202}.Release|Any CPU.Build.0 = Release|Any CPU
		{351DC3C1-097F-4265-B746-CC292AFD1655}.Debug|Any CPU.ActiveCfg = Debug|Any CPU
		{351DC3C1-097F-4265-B746-CC292AFD1655}.Debug|Any CPU.Build.0 = Debug|Any CPU
		{351DC3C1-097F-4265-B746-CC292AFD1655}.Release|Any CPU.ActiveCfg = Release|Any CPU
		{351DC3C1-097F-4265-B746-CC292AFD1655}.Release|Any CPU.Build.0 = Release|Any CPU
	EndGlobalSection
	GlobalSection(SolutionProperties) = preSolution
		HideSolutionNode = FALSE
	EndGlobalSection
	GlobalSection(NestedProjects) = preSolution
		{77A0BADF-D89C-4265-8A87-8F05B8542496} = {AFCBCD3D-64C3-433D-A01F-5F1191CC29C9}
		{73D64D7F-C18B-4617-B675-606A13E603F2} = {7B948D9D-E6E0-4FB5-9FB0-889E47C01EEB}
		{BD854FD1-66E1-4A01-9A84-C56906847D77} = {AFCBCD3D-64C3-433D-A01F-5F1191CC29C9}
		{3EEEB413-03EF-40B9-AFA6-7127980CD202} = {7B948D9D-E6E0-4FB5-9FB0-889E47C01EEB}
		{351DC3C1-097F-4265-B746-CC292AFD1655} = {7B948D9D-E6E0-4FB5-9FB0-889E47C01EEB}
	EndGlobalSection
	GlobalSection(ExtensibilityGlobals) = postSolution
		SolutionGuid = {2324EE1E-E942-4BD1-B18E-D1B2B6567318}
	EndGlobalSection
EndGlobal
